
Microsoft Visual Studio Solution File, Format Version 12.00
# Visual Studio Version 16
VisualStudioVersion = 16.0.31729.503
MinimumVisualStudioVersion = 10.0.40219.1
Project("{FAE04EC0-301F-11D3-BF4B-00C04F79EFBC}") = "Задание - Дни недели", "Задание - Дни недели\Задание - Дни недели.csproj", "{4FB58C68-D231-4C4D-AF42-5217B0836F27}"
EndProject
Global
	GlobalSection(SolutionConfigurationPlatforms) = preSolution
		Debug|Any CPU = Debug|Any CPU
		Release|Any CPU = Release|Any CPU
	EndGlobalSection
	GlobalSection(ProjectConfigurationPlatforms) = postSolution
		{4FB58C68-D231-4C4D-AF42-5217B0836F27}.Debug|Any CPU.ActiveCfg = Debug|Any CPU
		{4FB58C68-D231-4C4D-AF42-5217B0836F27}.Debug|Any CPU.Build.0 = Debug|Any CPU
		{4FB58C68-D231-4C4D-AF42-5217B0836F27}.Release|Any CPU.ActiveCfg = Release|Any CPU
		{4FB58C68-D231-4C4D-AF42-5217B0836F27}.Release|Any CPU.Build.0 = Release|Any CPU
	EndGlobalSection
	GlobalSection(SolutionProperties) = preSolution
		HideSolutionNode = FALSE
	EndGlobalSection
	GlobalSection(ExtensibilityGlobals) = postSolution
		SolutionGuid = {74934EDF-450E-42D0-9F48-D184660FA553}
	EndGlobalSection
EndGlobal
